
Microsoft Visual Studio Solution File, Format Version 12.00
# Visual Studio Version 17
VisualStudioVersion = 17.14.36109.1 d17.14
MinimumVisualStudioVersion = 10.0.40219.1
Project("{FAE04EC0-301F-11D3-BF4B-00C04F79EFBC}") = "Crypto_DCA_Calculator_MobileApp", "Crypto_DCA_Calculator_MobileApp\Crypto_DCA_Calculator_MobileApp.csproj", "{D94FB0F0-DE70-4C66-8DC9-4B0B4CB6611A}"
EndProject
Global
	GlobalSection(SolutionConfigurationPlatforms) = preSolution
		Debug|Any CPU = Debug|Any CPU
		Release|Any CPU = Release|Any CPU
	EndGlobalSection
	GlobalSection(ProjectConfigurationPlatforms) = postSolution
		{D94FB0F0-DE70-4C66-8DC9-4B0B4CB6611A}.Debug|Any CPU.ActiveCfg = Debug|Any CPU
		{D94FB0F0-DE70-4C66-8DC9-4B0B4CB6611A}.Debug|Any CPU.Build.0 = Debug|Any CPU
		{D94FB0F0-DE70-4C66-8DC9-4B0B4CB6611A}.Release|Any CPU.ActiveCfg = Release|Any CPU
		{D94FB0F0-DE70-4C66-8DC9-4B0B4CB6611A}.Release|Any CPU.Build.0 = Release|Any CPU
	EndGlobalSection
	GlobalSection(SolutionProperties) = preSolution
		HideSolutionNode = FALSE
	EndGlobalSection
	GlobalSection(ExtensibilityGlobals) = postSolution
		SolutionGuid = {639562D5-EA68-48A9-BB2C-5739BF345644}
	EndGlobalSection
EndGlobal
